// !$*UTF8*$!
{
	archiveVersion = 1;
	classes = {
	};
	objectVersion = 55;
	objects = {

/* Begin PBXBuildFile section */
		D59F3B03282A1E9D0089CCF9 /* Tests_iOS.swift in Sources */ = {isa = PBXBuildFile; fileRef = D59F3B02282A1E9D0089CCF9 /* Tests_iOS.swift */; };
		D59F3B05282A1E9D0089CCF9 /* Tests_iOSLaunchTests.swift in Sources */ = {isa = PBXBuildFile; fileRef = D59F3B04282A1E9D0089CCF9 /* Tests_iOSLaunchTests.swift */; };
		D59F3B0F282A1E9D0089CCF9 /* Tests_macOS.swift in Sources */ = {isa = PBXBuildFile; fileRef = D59F3B0E282A1E9D0089CCF9 /* Tests_macOS.swift */; };
		D59F3B11282A1E9D0089CCF9 /* Tests_macOSLaunchTests.swift in Sources */ = {isa = PBXBuildFile; fileRef = D59F3B10282A1E9D0089CCF9 /* Tests_macOSLaunchTests.swift */; };
		D59F3B12282A1E9D0089CCF9 /* calcApp.swift in Sources */ = {isa = PBXBuildFile; fileRef = D59F3AEA282A1E9D0089CCF9 /* calcApp.swift */; };
		D59F3B13282A1E9D0089CCF9 /* calcApp.swift in Sources */ = {isa = PBXBuildFile; fileRef = D59F3AEA282A1E9D0089CCF9 /* calcApp.swift */; };
		D59F3B14282A1E9D0089CCF9 /* ContentView.swift in Sources */ = {isa = PBXBuildFile; fileRef = D59F3AEB282A1E9D0089CCF9 /* ContentView.swift */; };
		D59F3B15282A1E9D0089CCF9 /* ContentView.swift in Sources */ = {isa = PBXBuildFile; fileRef = D59F3AEB282A1E9D0089CCF9 /* ContentView.swift */; };
		D59F3B16282A1E9D0089CCF9 /* Assets.xcassets in Resources */ = {isa = PBXBuildFile; fileRef = D59F3AEC282A1E9D0089CCF9 /* Assets.xcassets */; };
		D59F3B17282A1E9D0089CCF9 /* Assets.xcassets in Resources */ = {isa = PBXBuildFile; fileRef = D59F3AEC282A1E9D0089CCF9 /* Assets.xcassets */; };
/* End PBXBuildFile section */

/* Begin PBXContainerItemProxy section */
		D59F3AFF282A1E9D0089CCF9 /* PBXContainerItemProxy */ = {
			isa = PBXContainerItemProxy;
			containerPortal = D59F3AE5282A1E9D0089CCF9 /* Project object */;
			proxyType = 1;
			remoteGlobalIDString = D59F3AF0282A1E9D0089CCF9;
			remoteInfo = "calc (iOS)";
		};
		D59F3B0B282A1E9D0089CCF9 /* PBXContainerItemProxy */ = {
			isa = PBXContainerItemProxy;
			containerPortal = D59F3AE5282A1E9D0089CCF9 /* Project object */;
			proxyType = 1;
			remoteGlobalIDString = D59F3AF6282A1E9D0089CCF9;
			remoteInfo = "calc (macOS)";
		};
/* End PBXContainerItemProxy section */

/* Begin PBXFileReference section */
		D59F3AEA282A1E9D0089CCF9 /* calcApp.swift */ = {isa = PBXFileReference; lastKnownFileType = sourcecode.swift; path = calcApp.swift; sourceTree = "<group>"; };
		D59F3AEB282A1E9D0089CCF9 /* ContentView.swift */ = {isa = PBXFileReference; lastKnownFileType = sourcecode.swift; path = ContentView.swift; sourceTree = "<group>"; };
		D59F3AEC282A1E9D0089CCF9 /* Assets.xcassets */ = {isa = PBXFileReference; lastKnownFileType = folder.assetcatalog; path = Assets.xcassets; sourceTree = "<group>"; };
		D59F3AF1282A1E9D0089CCF9 /* calc.app */ = {isa = PBXFileReference; explicitFileType = wrapper.application; includeInIndex = 0; path = calc.app; sourceTree = BUILT_PRODUCTS_DIR; };
		D59F3AF7282A1E9D0089CCF9 /* calc.app */ = {isa = PBXFileReference; explicitFileType = wrapper.application; includeInIndex = 0; path = calc.app; sourceTree = BUILT_PRODUCTS_DIR; };
		D59F3AF9282A1E9D0089CCF9 /* macOS.entitlements */ = {isa = PBXFileReference; lastKnownFileType = text.plist.entitlements; path = macOS.entitlements; sourceTree = "<group>"; };
		D59F3AFE282A1E9D0089CCF9 /* Tests iOS.xctest */ = {isa = PBXFileReference; explicitFileType = wrapper.cfbundle; includeInIndex = 0; path = "Tests iOS.xctest"; sourceTree = BUILT_PRODUCTS_DIR; };
		D59F3B02282A1E9D0089CCF9 /* Tests_iOS.swift */ = {isa = PBXFileReference; lastKnownFileType = sourcecode.swift; path = Tests_iOS.swift; sourceTree = "<group>"; };
		D59F3B04282A1E9D0089CCF9 /* Tests_iOSLaunchTests.swift */ = {isa = PBXFileReference; lastKnownFileType = sourcecode.swift; path = Tests_iOSLaunchTests.swift; sourceTree = "<group>"; };
		D59F3B0A282A1E9D0089CCF9 /* Tests macOS.xctest */ = {isa = PBXFileReference; explicitFileType = wrapper.cfbundle; includeInIndex = 0; path = "Tests macOS.xctest"; sourceTree = BUILT_PRODUCTS_DIR; };
		D59F3B0E282A1E9D0089CCF9 /* Tests_macOS.swift */ = {isa = PBXFileReference; lastKnownFileType = sourcecode.swift; path = Tests_macOS.swift; sourceTree = "<group>"; };
		D59F3B10282A1E9D0089CCF9 /* Tests_macOSLaunchTests.swift */ = {isa = PBXFileReference; lastKnownFileType = sourcecode.swift; path = Tests_macOSLaunchTests.swift; sourceTree = "<group>"; };
/* End PBXFileReference section */

/* Begin PBXFrameworksBuildPhase section */
		D59F3AEE282A1E9D0089CCF9 /* Frameworks */ = {
			isa = PBXFrameworksBuildPhase;
			buildActionMask = 2147483647;
			files = (
			);
			runOnlyForDeploymentPostprocessing = 0;
		};
		D59F3AF4282A1E9D0089CCF9 /* Frameworks */ = {
			isa = PBXFrameworksBuildPhase;
			buildActionMask = 2147483647;
			files = (
			);
			runOnlyForDeploymentPostprocessing = 0;
		};
		D59F3AFB282A1E9D0089CCF9 /* Frameworks */ = {
			isa = PBXFrameworksBuildPhase;
			buildActionMask = 2147483647;
			files = (
			);
			runOnlyForDeploymentPostprocessing = 0;
		};
		D59F3B07282A1E9D0089CCF9 /* Frameworks */ = {
			isa = PBXFrameworksBuildPhase;
			buildActionMask = 2147483647;
			files = (
			);
			runOnlyForDeploymentPostprocessing = 0;
		};
/* End PBXFrameworksBuildPhase section */

/* Begin PBXGroup section */
		D59F3AE4282A1E9D0089CCF9 = {
			isa = PBXGroup;
			children = (
				D59F3AE9282A1E9D0089CCF9 /* Shared */,
				D59F3AF8282A1E9D0089CCF9 /* macOS */,
				D59F3B01282A1E9D0089CCF9 /* Tests iOS */,
				D59F3B0D282A1E9D0089CCF9 /* Tests macOS */,
				D59F3AF2282A1E9D0089CCF9 /* Products */,
			);
			sourceTree = "<group>";
		};
		D59F3AE9282A1E9D0089CCF9 /* Shared */ = {
			isa = PBXGroup;
			children = (
				D59F3AEA282A1E9D0089CCF9 /* calcApp.swift */,
				D59F3AEB282A1E9D0089CCF9 /* ContentView.swift */,
				D59F3AEC282A1E9D0089CCF9 /* Assets.xcassets */,
			);
			path = Shared;
			sourceTree = "<group>";
		};
		D59F3AF2282A1E9D0089CCF9 /* Products */ = {
			isa = PBXGroup;
			children = (
				D59F3AF1282A1E9D0089CCF9 /* calc.app */,
				D59F3AF7282A1E9D0089CCF9 /* calc.app */,
				D59F3AFE282A1E9D0089CCF9 /* Tests iOS.xctest */,
				D59F3B0A282A1E9D0089CCF9 /* Tests macOS.xctest */,
			);
			name = Products;
			sourceTree = "<group>";
		};
		D59F3AF8282A1E9D0089CCF9 /* macOS */ = {
			isa = PBXGroup;
			children = (
				D59F3AF9282A1E9D0089CCF9 /* macOS.entitlements */,
			);
			path = macOS;
			sourceTree = "<group>";
		};
		D59F3B01282A1E9D0089CCF9 /* Tests iOS */ = {
			isa = PBXGroup;
			children = (
				D59F3B02282A1E9D0089CCF9 /* Tests_iOS.swift */,
				D59F3B04282A1E9D0089CCF9 /* Tests_iOSLaunchTests.swift */,
			);
			path = "Tests iOS";
			sourceTree = "<group>";
		};
		D59F3B0D282A1E9D0089CCF9 /* Tests macOS */ = {
			isa = PBXGroup;
			children = (
				D59F3B0E282A1E9D0089CCF9 /* Tests_macOS.swift */,
				D59F3B10282A1E9D0089CCF9 /* Tests_macOSLaunchTests.swift */,
			);
			path = "Tests macOS";
			sourceTree = "<group>";
		};
/* End PBXGroup section */

/* Begin PBXNativeTarget section */
		D59F3AF0282A1E9D0089CCF9 /* calc (iOS) */ = {
			isa = PBXNativeTarget;
			buildConfigurationList = D59F3B1A282A1E9D0089CCF9 /* Build configuration list for PBXNativeTarget "calc (iOS)" */;
			buildPhases = (
				D59F3AED282A1E9D0089CCF9 /* Sources */,
				D59F3AEE282A1E9D0089CCF9 /* Frameworks */,
				D59F3AEF282A1E9D0089CCF9 /* Resources */,
			);
			buildRules = (
			);
			dependencies = (
			);
			name = "calc (iOS)";
			productName = "calc (iOS)";
			productReference = D59F3AF1282A1E9D0089CCF9 /* calc.app */;
			productType = "com.apple.product-type.application";
		};
		D59F3AF6282A1E9D0089CCF9 /* calc (macOS) */ = {
			isa = PBXNativeTarget;
			buildConfigurationList = D59F3B1D282A1E9D0089CCF9 /* Build configuration list for PBXNativeTarget "calc (macOS)" */;
			buildPhases = (
				D59F3AF3282A1E9D0089CCF9 /* Sources */,
				D59F3AF4282A1E9D0089CCF9 /* Frameworks */,
				D59F3AF5282A1E9D0089CCF9 /* Resources */,
			);
			buildRules = (
			);
			dependencies = (
			);
			name = "calc (macOS)";
			productName = "calc (macOS)";
			productReference = D59F3AF7282A1E9D0089CCF9 /* calc.app */;
			productType = "com.apple.product-type.application";
		};
		D59F3AFD282A1E9D0089CCF9 /* Tests iOS */ = {
			isa = PBXNativeTarget;
			buildConfigurationList = D59F3B20282A1E9D0089CCF9 /* Build configuration list for PBXNativeTarget "Tests iOS" */;
			buildPhases = (
				D59F3AFA282A1E9D0089CCF9 /* Sources */,
				D59F3AFB282A1E9D0089CCF9 /* Frameworks */,
				D59F3AFC282A1E9D0089CCF9 /* Resources */,
			);
			buildRules = (
			);
			dependencies = (
				D59F3B00282A1E9D0089CCF9 /* PBXTargetDependency */,
			);
			name = "Tests iOS";
			productName = "Tests iOS";
			productReference = D59F3AFE282A1E9D0089CCF9 /* Tests iOS.xctest */;
			productType = "com.apple.product-type.bundle.ui-testing";
		};
		D59F3B09282A1E9D0089CCF9 /* Tests macOS */ = {
			isa = PBXNativeTarget;
			buildConfigurationList = D59F3B23282A1E9D0089CCF9 /* Build configuration list for PBXNativeTarget "Tests macOS" */;
			buildPhases = (
				D59F3B06282A1E9D0089CCF9 /* Sources */,
				D59F3B07282A1E9D0089CCF9 /* Frameworks */,
				D59F3B08282A1E9D0089CCF9 /* Resources */,
			);
			buildRules = (
			);
			dependencies = (
				D59F3B0C282A1E9D0089CCF9 /* PBXTargetDependency */,
			);
			name = "Tests macOS";
			productName = "Tests macOS";
			productReference = D59F3B0A282A1E9D0089CCF9 /* Tests macOS.xctest */;
			productType = "com.apple.product-type.bundle.ui-testing";
		};
/* End PBXNativeTarget section */

/* Begin PBXProject section */
		D59F3AE5282A1E9D0089CCF9 /* Project object */ = {
			isa = PBXProject;
			attributes = {
				BuildIndependentTargetsInParallel = 1;
				LastSwiftUpdateCheck = 1330;
				LastUpgradeCheck = 1330;
				TargetAttributes = {
					D59F3AF0282A1E9D0089CCF9 = {
						CreatedOnToolsVersion = 13.3.1;
					};
					D59F3AF6282A1E9D0089CCF9 = {
						CreatedOnToolsVersion = 13.3.1;
					};
					D59F3AFD282A1E9D0089CCF9 = {
						CreatedOnToolsVersion = 13.3.1;
						TestTargetID = D59F3AF0282A1E9D0089CCF9;
					};
					D59F3B09282A1E9D0089CCF9 = {
						CreatedOnToolsVersion = 13.3.1;
						TestTargetID = D59F3AF6282A1E9D0089CCF9;
					};
				};
			};
			buildConfigurationList = D59F3AE8282A1E9D0089CCF9 /* Build configuration list for PBXProject "calc" */;
			compatibilityVersion = "Xcode 13.0";
			developmentRegion = en;
			hasScannedForEncodings = 0;
			knownRegions = (
				en,
				Base,
			);
			mainGroup = D59F3AE4282A1E9D0089CCF9;
			productRefGroup = D59F3AF2282A1E9D0089CCF9 /* Products */;
			projectDirPath = "";
			projectRoot = "";
			targets = (
				D59F3AF0282A1E9D0089CCF9 /* calc (iOS) */,
				D59F3AF6282A1E9D0089CCF9 /* calc (macOS) */,
				D59F3AFD282A1E9D0089CCF9 /* Tests iOS */,
				D59F3B09282A1E9D0089CCF9 /* Tests macOS */,
			);
		};
/* End PBXProject section */

/* Begin PBXResourcesBuildPhase section */
		D59F3AEF282A1E9D0089CCF9 /* Resources */ = {
			isa = PBXResourcesBuildPhase;
			buildActionMask = 2147483647;
			files = (
				D59F3B16282A1E9D0089CCF9 /* Assets.xcassets in Resources */,
			);
			runOnlyForDeploymentPostprocessing = 0;
		};
		D59F3AF5282A1E9D0089CCF9 /* Resources */ = {
			isa = PBXResourcesBuildPhase;
			buildActionMask = 2147483647;
			files = (
				D59F3B17282A1E9D0089CCF9 /* Assets.xcassets in Resources */,
			);
			runOnlyForDeploymentPostprocessing = 0;
		};
		D59F3AFC282A1E9D0089CCF9 /* Resources */ = {
			isa = PBXResourcesBuildPhase;
			buildActionMask = 2147483647;
			files = (
			);
			runOnlyForDeploymentPostprocessing = 0;
		};
		D59F3B08282A1E9D0089CCF9 /* Resources */ = {
			isa = PBXResourcesBuildPhase;
			buildActionMask = 2147483647;
			files = (
			);
			runOnlyForDeploymentPostprocessing = 0;
		};
/* End PBXResourcesBuildPhase section */

/* Begin PBXSourcesBuildPhase section */
		D59F3AED282A1E9D0089CCF9 /* Sources */ = {
			isa = PBXSourcesBuildPhase;
			buildActionMask = 2147483647;
			files = (
				D59F3B14282A1E9D0089CCF9 /* ContentView.swift in Sources */,
				D59F3B12282A1E9D0089CCF9 /* calcApp.swift in Sources */,
			);
			runOnlyForDeploymentPostprocessing = 0;
		};
		D59F3AF3282A1E9D0089CCF9 /* Sources */ = {
			isa = PBXSourcesBuildPhase;
			buildActionMask = 2147483647;
			files = (
				D59F3B15282A1E9D0089CCF9 /* ContentView.swift in Sources */,
				D59F3B13282A1E9D0089CCF9 /* calcApp.swift in Sources */,
			);
			runOnlyForDeploymentPostprocessing = 0;
		};
		D59F3AFA282A1E9D0089CCF9 /* Sources */ = {
			isa = PBXSourcesBuildPhase;
			buildActionMask = 2147483647;
			files = (
				D59F3B05282A1E9D0089CCF9 /* Tests_iOSLaunchTests.swift in Sources */,
				D59F3B03282A1E9D0089CCF9 /* Tests_iOS.swift in Sources */,
			);
			runOnlyForDeploymentPostprocessing = 0;
		};
		D59F3B06282A1E9D0089CCF9 /* Sources */ = {
			isa = PBXSourcesBuildPhase;
			buildActionMask = 2147483647;
			files = (
				D59F3B11282A1E9D0089CCF9 /* Tests_macOSLaunchTests.swift in Sources */,
				D59F3B0F282A1E9D0089CCF9 /* Tests_macOS.swift in Sources */,
			);
			runOnlyForDeploymentPostprocessing = 0;
		};
/* End PBXSourcesBuildPhase section */

/* Begin PBXTargetDependency section */
		D59F3B00282A1E9D0089CCF9 /* PBXTargetDependency */ = {
			isa = PBXTargetDependency;
			target = D59F3AF0282A1E9D0089CCF9 /* calc (iOS) */;
			targetProxy = D59F3AFF282A1E9D0089CCF9 /* PBXContainerItemProxy */;
		};
		D59F3B0C282A1E9D0089CCF9 /* PBXTargetDependency */ = {
			isa = PBXTargetDependency;
			target = D59F3AF6282A1E9D0089CCF9 /* calc (macOS) */;
			targetProxy = D59F3B0B282A1E9D0089CCF9 /* PBXContainerItemProxy */;
		};
/* End PBXTargetDependency section */

/* Begin XCBuildConfiguration section */
		D59F3B18282A1E9D0089CCF9 /* Debug */ = {
			isa = XCBuildConfiguration;
			buildSettings = {
				ALWAYS_SEARCH_USER_PATHS = NO;
				ASSETCATALOG_COMPILER_APPICON_NAME = AppIcon;
				CLANG_ANALYZER_NONNULL = YES;
				CLANG_ANALYZER_NUMBER_OBJECT_CONVERSION = YES_AGGRESSIVE;
				CLANG_CXX_LANGUAGE_STANDARD = "gnu++17";
				CLANG_ENABLE_MODULES = YES;
				CLANG_ENABLE_OBJC_ARC = YES;
				CLANG_ENABLE_OBJC_WEAK = YES;
				CLANG_WARN_BLOCK_CAPTURE_AUTORELEASING = YES;
				CLANG_WARN_BOOL_CONVERSION = YES;
				CLANG_WARN_COMMA = YES;
				CLANG_WARN_CONSTANT_CONVERSION = YES;
				CLANG_WARN_DEPRECATED_OBJC_IMPLEMENTATIONS = YES;
				CLANG_WARN_DIRECT_OBJC_ISA_USAGE = YES_ERROR;
				CLANG_WARN_DOCUMENTATION_COMMENTS = YES;
				CLANG_WARN_EMPTY_BODY = YES;
				CLANG_WARN_ENUM_CONVERSION = YES;
				CLANG_WARN_INFINITE_RECURSION = YES;
				CLANG_WARN_INT_CONVERSION = YES;
				CLANG_WARN_NON_LITERAL_NULL_CONVERSION = YES;
				CLANG_WARN_OBJC_IMPLICIT_RETAIN_SELF = YES;
				CLANG_WARN_OBJC_LITERAL_CONVERSION = YES;
				CLANG_WARN_OBJC_ROOT_CLASS = YES_ERROR;
				CLANG_WARN_QUOTED_INCLUDE_IN_FRAMEWORK_HEADER = YES;
				CLANG_WARN_RANGE_LOOP_ANALYSIS = YES;
				CLANG_WARN_STRICT_PROTOTYPES = YES;
				CLANG_WARN_SUSPICIOUS_MOVE = YES;
				CLANG_WARN_UNGUARDED_AVAILABILITY = YES_AGGRESSIVE;
				CLANG_WARN_UNREACHABLE_CODE = YES;
				CLANG_WARN__DUPLICATE_METHOD_MATCH = YES;
				COPY_PHASE_STRIP = NO;
				DEBUG_INFORMATION_FORMAT = dwarf;
				ENABLE_STRICT_OBJC_MSGSEND = YES;
				ENABLE_TESTABILITY = YES;
				GCC_C_LANGUAGE_STANDARD = gnu11;
				GCC_DYNAMIC_NO_PIC = NO;
				GCC_NO_COMMON_BLOCKS = YES;
				GCC_OPTIMIZATION_LEVEL = 0;
				GCC_PREPROCESSOR_DEFINITIONS = (
					"DEBUG=1",
					"$(inherited)",
				);
				GCC_WARN_64_TO_32_BIT_CONVERSION = YES;
				GCC_WARN_ABOUT_RETURN_TYPE = YES_ERROR;
				GCC_WARN_UNDECLARED_SELECTOR = YES;
				GCC_WARN_UNINITIALIZED_AUTOS = YES_AGGRESSIVE;
				GCC_WARN_UNUSED_FUNCTION = YES;
				GCC_WARN_UNUSED_VARIABLE = YES;
				MTL_ENABLE_DEBUG_INFO = INCLUDE_SOURCE;
				MTL_FAST_MATH = YES;
				ONLY_ACTIVE_ARCH = YES;
				SWIFT_ACTIVE_COMPILATION_CONDITIONS = DEBUG;
				SWIFT_OPTIMIZATION_LEVEL = "-Onone";
			};
			name = Debug;
		};
		D59F3B19282A1E9D0089CCF9 /* Release */ = {
			isa = XCBuildConfiguration;
			buildSettings = {
				ALWAYS_SEARCH_USER_PATHS = NO;
				ASSETCATALOG_COMPILER_APPICON_NAME = AppIcon;
				CLANG_ANALYZER_NONNULL = YES;
				CLANG_ANALYZER_NUMBER_OBJECT_CONVERSION = YES_AGGRESSIVE;
				CLANG_CXX_LANGUAGE_STANDARD = "gnu++17";
				CLANG_ENABLE_MODULES = YES;
				CLANG_ENABLE_OBJC_ARC = YES;
				CLANG_ENABLE_OBJC_WEAK = YES;
				CLANG_WARN_BLOCK_CAPTURE_AUTORELEASING = YES;
				CLANG_WARN_BOOL_CONVERSION = YES;
				CLANG_WARN_COMMA = YES;
				CLANG_WARN_CONSTANT_CONVERSION = YES;
				CLANG_WARN_DEPRECATED_OBJC_IMPLEMENTATIONS = YES;
				CLANG_WARN_DIRECT_OBJC_ISA_USAGE = YES_ERROR;
				CLANG_WARN_DOCUMENTATION_COMMENTS = YES;
				CLANG_WARN_EMPTY_BODY = YES;
				CLANG_WARN_ENUM_CONVERSION = YES;
				CLANG_WARN_INFINITE_RECURSION = YES;
				CLANG_WARN_INT_CONVERSION = YES;
				CLANG_WARN_NON_LITERAL_NULL_CONVERSION = YES;
				CLANG_WARN_OBJC_IMPLICIT_RETAIN_SELF = YES;
				CLANG_WARN_OBJC_LITERAL_CONVERSION = YES;
				CLANG_WARN_OBJC_ROOT_CLASS = YES_ERROR;
				CLANG_WARN_QUOTED_INCLUDE_IN_FRAMEWORK_HEADER = YES;
				CLANG_WARN_RANGE_LOOP_ANALYSIS = YES;
				CLANG_WARN_STRICT_PROTOTYPES = YES;
				CLANG_WARN_SUSPICIOUS_MOVE = YES;
				CLANG_WARN_UNGUARDED_AVAILABILITY = YES_AGGRESSIVE;
				CLANG_WARN_UNREACHABLE_CODE = YES;
				CLANG_WARN__DUPLICATE_METHOD_MATCH = YES;
				COPY_PHASE_STRIP = NO;
				DEBUG_INFORMATION_FORMAT = "dwarf-with-dsym";
				ENABLE_NS_ASSERTIONS = NO;
				ENABLE_STRICT_OBJC_MSGSEND = YES;
				GCC_C_LANGUAGE_STANDARD = gnu11;
				GCC_NO_COMMON_BLOCKS = YES;
				GCC_WARN_64_TO_32_BIT_CONVERSION = YES;
				GCC_WARN_ABOUT_RETURN_TYPE = YES_ERROR;
				GCC_WARN_UNDECLARED_SELECTOR = YES;
				GCC_WARN_UNINITIALIZED_AUTOS = YES_AGGRESSIVE;
				GCC_WARN_UNUSED_FUNCTION = YES;
				GCC_WARN_UNUSED_VARIABLE = YES;
				MTL_ENABLE_DEBUG_INFO = NO;
				MTL_FAST_MATH = YES;
				SWIFT_COMPILATION_MODE = wholemodule;
				SWIFT_OPTIMIZATION_LEVEL = "-O";
			};
			name = Release;
		};
		D59F3B1B282A1E9D0089CCF9 /* Debug */ = {
			isa = XCBuildConfiguration;
			buildSettings = {
				ASSETCATALOG_COMPILER_APPICON_NAME = AppIcon;
				ASSETCATALOG_COMPILER_GLOBAL_ACCENT_COLOR_NAME = AccentColor;
				CODE_SIGN_STYLE = Automatic;
				CURRENT_PROJECT_VERSION = 1;
				DEVELOPMENT_TEAM = P23CZC7XM6;
				ENABLE_PREVIEWS = YES;
				GENERATE_INFOPLIST_FILE = YES;
				INFOPLIST_KEY_UIApplicationSceneManifest_Generation = YES;
				INFOPLIST_KEY_UIApplicationSupportsIndirectInputEvents = YES;
				INFOPLIST_KEY_UILaunchScreen_Generation = YES;
				INFOPLIST_KEY_UISupportedInterfaceOrientations_iPad = "UIInterfaceOrientationPortrait UIInterfaceOrientationPortraitUpsideDown UIInterfaceOrientationLandscapeLeft UIInterfaceOrientationLandscapeRight";
				INFOPLIST_KEY_UISupportedInterfaceOrientations_iPhone = "UIInterfaceOrientationPortrait UIInterfaceOrientationLandscapeLeft UIInterfaceOrientationLandscapeRight";
				IPHONEOS_DEPLOYMENT_TARGET = 15.4;
				LD_RUNPATH_SEARCH_PATHS = (
					"$(inherited)",
					"@executable_path/Frameworks",
				);
				MARKETING_VERSION = 1.0;
				PRODUCT_BUNDLE_IDENTIFIER = app.iosif.calc;
				PRODUCT_NAME = calc;
				SDKROOT = iphoneos;
				SWIFT_EMIT_LOC_STRINGS = YES;
				SWIFT_VERSION = 5.0;
				TARGETED_DEVICE_FAMILY = "1,2";
			};
			name = Debug;
		};
		D59F3B1C282A1E9D0089CCF9 /* Release */ = {
			isa = XCBuildConfiguration;
			buildSettings = {
				ASSETCATALOG_COMPILER_APPICON_NAME = AppIcon;
				ASSETCATALOG_COMPILER_GLOBAL_ACCENT_COLOR_NAME = AccentColor;
				CODE_SIGN_STYLE = Automatic;
				CURRENT_PROJECT_VERSION = 1;
				DEVELOPMENT_TEAM = P23CZC7XM6;
				ENABLE_PREVIEWS = YES;
				GENERATE_INFOPLIST_FILE = YES;
				INFOPLIST_KEY_UIApplicationSceneManifest_Generation = YES;
				INFOPLIST_KEY_UIApplicationSupportsIndirectInputEvents = YES;
				INFOPLIST_KEY_UILaunchScreen_Generation = YES;
				INFOPLIST_KEY_UISupportedInterfaceOrientations_iPad = "UIInterfaceOrientationPortrait UIInterfaceOrientationPortraitUpsideDown UIInterfaceOrientationLandscapeLeft UIInterfaceOrientationLandscapeRight";
				INFOPLIST_KEY_UISupportedInterfaceOrientations_iPhone = "UIInterfaceOrientationPortrait UIInterfaceOrientationLandscapeLeft UIInterfaceOrientationLandscapeRight";
				IPHONEOS_DEPLOYMENT_TARGET = 15.4;
				LD_RUNPATH_SEARCH_PATHS = (
					"$(inherited)",
					"@executable_path/Frameworks",
				);
				MARKETING_VERSION = 1.0;
				PRODUCT_BUNDLE_IDENTIFIER = app.iosif.calc;
				PRODUCT_NAME = calc;
				SDKROOT = iphoneos;
				SWIFT_EMIT_LOC_STRINGS = YES;
				SWIFT_VERSION = 5.0;
				TARGETED_DEVICE_FAMILY = "1,2";
				VALIDATE_PRODUCT = YES;
			};
			name = Release;
		};
		D59F3B1E282A1E9D0089CCF9 /* Debug */ = {
			isa = XCBuildConfiguration;
			buildSettings = {
				ASSETCATALOG_COMPILER_APPICON_NAME = AppIcon;
				ASSETCATALOG_COMPILER_GLOBAL_ACCENT_COLOR_NAME = AccentColor;
				CODE_SIGN_ENTITLEMENTS = macOS/macOS.entitlements;
				CODE_SIGN_STYLE = Automatic;
				COMBINE_HIDPI_IMAGES = YES;
				CURRENT_PROJECT_VERSION = 1;
				DEVELOPMENT_TEAM = P23CZC7XM6;
				ENABLE_HARDENED_RUNTIME = YES;
				ENABLE_PREVIEWS = YES;
				GENERATE_INFOPLIST_FILE = YES;
				INFOPLIST_KEY_NSHumanReadableCopyright = "";
				LD_RUNPATH_SEARCH_PATHS = (
					"$(inherited)",
					"@executable_path/../Frameworks",
				);
				MACOSX_DEPLOYMENT_TARGET = 12.3;
				MARKETING_VERSION = 1.0;
				PRODUCT_BUNDLE_IDENTIFIER = app.iosif.calc;
				PRODUCT_NAME = calc;
				SDKROOT = macosx;
				SWIFT_EMIT_LOC_STRINGS = YES;
				SWIFT_VERSION = 5.0;
			};
			name = Debug;
		};
		D59F3B1F282A1E9D0089CCF9 /* Release */ = {
			isa = XCBuildConfiguration;
			buildSettings = {
				ASSETCATALOG_COMPILER_APPICON_NAME = AppIcon;
				ASSETCATALOG_COMPILER_GLOBAL_ACCENT_COLOR_NAME = AccentColor;
				CODE_SIGN_ENTITLEMENTS = macOS/macOS.entitlements;
				CODE_SIGN_STYLE = Automatic;
				COMBINE_HIDPI_IMAGES = YES;
				CURRENT_PROJECT_VERSION = 1;
				DEVELOPMENT_TEAM = P23CZC7XM6;
				ENABLE_HARDENED_RUNTIME = YES;
				ENABLE_PREVIEWS = YES;
				GENERATE_INFOPLIST_FILE = YES;
				INFOPLIST_KEY_NSHumanReadableCopyright = "";
				LD_RUNPATH_SEARCH_PATHS = (
					"$(inherited)",
					"@executable_path/../Frameworks",
				);
				MACOSX_DEPLOYMENT_TARGET = 12.3;
				MARKETING_VERSION = 1.0;
				PRODUCT_BUNDLE_IDENTIFIER = app.iosif.calc;
				PRODUCT_NAME = calc;
				SDKROOT = macosx;
				SWIFT_EMIT_LOC_STRINGS = YES;
				SWIFT_VERSION = 5.0;
			};
			name = Release;
		};
		D59F3B21282A1E9D0089CCF9 /* Debug */ = {
			isa = XCBuildConfiguration;
			buildSettings = {
				ALWAYS_EMBED_SWIFT_STANDARD_LIBRARIES = YES;
				CODE_SIGN_STYLE = Automatic;
				CURRENT_PROJECT_VERSION = 1;
				DEVELOPMENT_TEAM = P23CZC7XM6;
				GENERATE_INFOPLIST_FILE = YES;
				IPHONEOS_DEPLOYMENT_TARGET = 15.4;
				MARKETING_VERSION = 1.0;
				PRODUCT_BUNDLE_IDENTIFIER = "app.iosif.Tests-iOS";
				PRODUCT_NAME = "$(TARGET_NAME)";
				SDKROOT = iphoneos;
				SWIFT_EMIT_LOC_STRINGS = NO;
				SWIFT_VERSION = 5.0;
				TARGETED_DEVICE_FAMILY = "1,2";
				TEST_TARGET_NAME = "calc (iOS)";
			};
			name = Debug;
		};
		D59F3B22282A1E9D0089CCF9 /* Release */ = {
			isa = XCBuildConfiguration;
			buildSettings = {
				ALWAYS_EMBED_SWIFT_STANDARD_LIBRARIES = YES;
				CODE_SIGN_STYLE = Automatic;
				CURRENT_PROJECT_VERSION = 1;
				DEVELOPMENT_TEAM = P23CZC7XM6;
				GENERATE_INFOPLIST_FILE = YES;
				IPHONEOS_DEPLOYMENT_TARGET = 15.4;
				MARKETING_VERSION = 1.0;
				PRODUCT_BUNDLE_IDENTIFIER = "app.iosif.Tests-iOS";
				PRODUCT_NAME = "$(TARGET_NAME)";
				SDKROOT = iphoneos;
				SWIFT_EMIT_LOC_STRINGS = NO;
				SWIFT_VERSION = 5.0;
				TARGETED_DEVICE_FAMILY = "1,2";
				TEST_TARGET_NAME = "calc (iOS)";
				VALIDATE_PRODUCT = YES;
			};
			name = Release;
		};
		D59F3B24282A1E9D0089CCF9 /* Debug */ = {
			isa = XCBuildConfiguration;
			buildSettings = {
				ALWAYS_EMBED_SWIFT_STANDARD_LIBRARIES = YES;
				CODE_SIGN_STYLE = Automatic;
				CURRENT_PROJECT_VERSION = 1;
				DEVELOPMENT_TEAM = P23CZC7XM6;
				GENERATE_INFOPLIST_FILE = YES;
				MACOSX_DEPLOYMENT_TARGET = 12.3;
				MARKETING_VERSION = 1.0;
				PRODUCT_BUNDLE_IDENTIFIER = "app.iosif.Tests-macOS";
				PRODUCT_NAME = "$(TARGET_NAME)";
				SDKROOT = macosx;
				SWIFT_EMIT_LOC_STRINGS = NO;
				SWIFT_VERSION = 5.0;
				TEST_TARGET_NAME = "calc (macOS)";
			};
			name = Debug;
		};
		D59F3B25282A1E9D0089CCF9 /* Release */ = {
			isa = XCBuildConfiguration;
			buildSettings = {
				ALWAYS_EMBED_SWIFT_STANDARD_LIBRARIES = YES;
				CODE_SIGN_STYLE = Automatic;
				CURRENT_PROJECT_VERSION = 1;
				DEVELOPMENT_TEAM = P23CZC7XM6;
				GENERATE_INFOPLIST_FILE = YES;
				MACOSX_DEPLOYMENT_TARGET = 12.3;
				MARKETING_VERSION = 1.0;
				PRODUCT_BUNDLE_IDENTIFIER = "app.iosif.Tests-macOS";
				PRODUCT_NAME = "$(TARGET_NAME)";
				SDKROOT = macosx;
				SWIFT_EMIT_LOC_STRINGS = NO;
				SWIFT_VERSION = 5.0;
				TEST_TARGET_NAME = "calc (macOS)";
			};
			name = Release;
		};
/* End XCBuildConfiguration section */

/* Begin XCConfigurationList section */
		D59F3AE8282A1E9D0089CCF9 /* Build configuration list for PBXProject "calc" */ = {
			isa = XCConfigurationList;
			buildConfigurations = (
				D59F3B18282A1E9D0089CCF9 /* Debug */,
				D59F3B19282A1E9D0089CCF9 /* Release */,
			);
			defaultConfigurationIsVisible = 0;
			defaultConfigurationName = Release;
		};
		D59F3B1A282A1E9D0089CCF9 /* Build configuration list for PBXNativeTarget "calc (iOS)" */ = {
			isa = XCConfigurationList;
			buildConfigurations = (
				D59F3B1B282A1E9D0089CCF9 /* Debug */,
				D59F3B1C282A1E9D0089CCF9 /* Release */,
			);
			defaultConfigurationIsVisible = 0;
			defaultConfigurationName = Release;
		};
		D59F3B1D282A1E9D0089CCF9 /* Build configuration list for PBXNativeTarget "calc (macOS)" */ = {
			isa = XCConfigurationList;
			buildConfigurations = (
				D59F3B1E282A1E9D0089CCF9 /* Debug */,
				D59F3B1F282A1E9D0089CCF9 /* Release */,
			);
			defaultConfigurationIsVisible = 0;
			defaultConfigurationName = Release;
		};
		D59F3B20282A1E9D0089CCF9 /* Build configuration list for PBXNativeTarget "Tests iOS" */ = {
			isa = XCConfigurationList;
			buildConfigurations = (
				D59F3B21282A1E9D0089CCF9 /* Debug */,
				D59F3B22282A1E9D0089CCF9 /* Release */,
			);
			defaultConfigurationIsVisible = 0;
			defaultConfigurationName = Release;
		};
		D59F3B23282A1E9D0089CCF9 /* Build configuration list for PBXNativeTarget "Tests macOS" */ = {
			isa = XCConfigurationList;
			buildConfigurations = (
				D59F3B24282A1E9D0089CCF9 /* Debug */,
				D59F3B25282A1E9D0089CCF9 /* Release */,
			);
			defaultConfigurationIsVisible = 0;
			defaultConfigurationName = Release;
		};
/* End XCConfigurationList section */
	};
	rootObject = D59F3AE5282A1E9D0089CCF9 /* Project object */;
}
